// !$*UTF8*$!
{
	archiveVersion = 1;
	classes = {
	};
	objectVersion = 56;
	objects = {

/* Begin PBXBuildFile section */
		EB437B352D65F381003D0298 /* DetailsViewController.swift in Sources */ = {isa = PBXBuildFile; fileRef = EB437B342D65F381003D0298 /* DetailsViewController.swift */; };
		EB6173A82D4456FC00824C77 /* AppDelegate.swift in Sources */ = {isa = PBXBuildFile; fileRef = EB6173A72D4456FC00824C77 /* AppDelegate.swift */; };
		EB6173B12D4456FD00824C77 /* Assets.xcassets in Resources */ = {isa = PBXBuildFile; fileRef = EB6173B02D4456FD00824C77 /* Assets.xcassets */; };
		EB6173B42D4456FD00824C77 /* LaunchScreen.storyboard in Resources */ = {isa = PBXBuildFile; fileRef = EB6173B22D4456FD00824C77 /* LaunchScreen.storyboard */; };
		EB6173C02D445A3A00824C77 /* TabBarViewController.swift in Sources */ = {isa = PBXBuildFile; fileRef = EB6173BF2D445A3A00824C77 /* TabBarViewController.swift */; };
		EB6173C22D445AA300824C77 /* HomeViewController.swift in Sources */ = {isa = PBXBuildFile; fileRef = EB6173C12D445AA300824C77 /* HomeViewController.swift */; };
		EB6173C42D445AF100824C77 /* SavedAccountsController.swift in Sources */ = {isa = PBXBuildFile; fileRef = EB6173C32D445AF100824C77 /* SavedAccountsController.swift */; };
		EB6173D02D4571F500824C77 /* recognizeText.swift in Sources */ = {isa = PBXBuildFile; fileRef = EB6173CF2D4571F500824C77 /* recognizeText.swift */; };
		EB6173D22D45720E00824C77 /* extractBankData.swift in Sources */ = {isa = PBXBuildFile; fileRef = EB6173D12D45720E00824C77 /* extractBankData.swift */; };
/* End PBXBuildFile section */

/* Begin PBXFileReference section */
		EB437B342D65F381003D0298 /* DetailsViewController.swift */ = {isa = PBXFileReference; lastKnownFileType = sourcecode.swift; path = DetailsViewController.swift; sourceTree = "<group>"; };
		EB6173A42D4456FC00824C77 /* BanquitoScan.app */ = {isa = PBXFileReference; explicitFileType = wrapper.application; includeInIndex = 0; path = BanquitoScan.app; sourceTree = BUILT_PRODUCTS_DIR; };
		EB6173A72D4456FC00824C77 /* AppDelegate.swift */ = {isa = PBXFileReference; lastKnownFileType = sourcecode.swift; path = AppDelegate.swift; sourceTree = "<group>"; };
		EB6173B02D4456FD00824C77 /* Assets.xcassets */ = {isa = PBXFileReference; lastKnownFileType = folder.assetcatalog; path = Assets.xcassets; sourceTree = "<group>"; };
		EB6173B32D4456FD00824C77 /* Base */ = {isa = PBXFileReference; lastKnownFileType = file.storyboard; name = Base; path = Base.lproj/LaunchScreen.storyboard; sourceTree = "<group>"; };
		EB6173B52D4456FD00824C77 /* Info.plist */ = {isa = PBXFileReference; lastKnownFileType = text.plist.xml; path = Info.plist; sourceTree = "<group>"; };
		EB6173BF2D445A3A00824C77 /* TabBarViewController.swift */ = {isa = PBXFileReference; lastKnownFileType = sourcecode.swift; path = TabBarViewController.swift; sourceTree = "<group>"; };
		EB6173C12D445AA300824C77 /* HomeViewController.swift */ = {isa = PBXFileReference; lastKnownFileType = sourcecode.swift; path = HomeViewController.swift; sourceTree = "<group>"; };
		EB6173C32D445AF100824C77 /* SavedAccountsController.swift */ = {isa = PBXFileReference; lastKnownFileType = sourcecode.swift; path = SavedAccountsController.swift; sourceTree = "<group>"; };
		EB6173CF2D4571F500824C77 /* recognizeText.swift */ = {isa = PBXFileReference; lastKnownFileType = sourcecode.swift; path = recognizeText.swift; sourceTree = "<group>"; };
		EB6173D12D45720E00824C77 /* extractBankData.swift */ = {isa = PBXFileReference; lastKnownFileType = sourcecode.swift; path = extractBankData.swift; sourceTree = "<group>"; };
/* End PBXFileReference section */

/* Begin PBXFrameworksBuildPhase section */
		EB6173A12D4456FC00824C77 /* Frameworks */ = {
			isa = PBXFrameworksBuildPhase;
			buildActionMask = 2147483647;
			files = (
			);
			runOnlyForDeploymentPostprocessing = 0;
		};
/* End PBXFrameworksBuildPhase section */

/* Begin PBXGroup section */
		EB61739B2D4456FC00824C77 = {
			isa = PBXGroup;
			children = (
				EB6173A62D4456FC00824C77 /* BanquitoScan */,
				EB6173A52D4456FC00824C77 /* Products */,
			);
			sourceTree = "<group>";
		};
		EB6173A52D4456FC00824C77 /* Products */ = {
			isa = PBXGroup;
			children = (
				EB6173A42D4456FC00824C77 /* BanquitoScan.app */,
			);
			name = Products;
			sourceTree = "<group>";
		};
		EB6173A62D4456FC00824C77 /* BanquitoScan */ = {
			isa = PBXGroup;
			children = (
				EB6173CE2D454E3B00824C77 /* Utils */,
				EB6173BD2D44586E00824C77 /* Models */,
				EB6173BC2D44586700824C77 /* Controllers */,
				EB6173BB2D4457EE00824C77 /* Resources */,
				EB6173B52D4456FD00824C77 /* Info.plist */,
			);
			path = BanquitoScan;
			sourceTree = "<group>";
		};
		EB6173BB2D4457EE00824C77 /* Resources */ = {
			isa = PBXGroup;
			children = (
				EB6173A72D4456FC00824C77 /* AppDelegate.swift */,
				EB6173B02D4456FD00824C77 /* Assets.xcassets */,
				EB6173B22D4456FD00824C77 /* LaunchScreen.storyboard */,
			);
			path = Resources;
			sourceTree = "<group>";
		};
		EB6173BC2D44586700824C77 /* Controllers */ = {
			isa = PBXGroup;
			children = (
				EB6173BF2D445A3A00824C77 /* TabBarViewController.swift */,
				EB6173C12D445AA300824C77 /* HomeViewController.swift */,
				EB6173C32D445AF100824C77 /* SavedAccountsController.swift */,
				EB437B342D65F381003D0298 /* DetailsViewController.swift */,
			);
			path = Controllers;
			sourceTree = "<group>";
		};
		EB6173BD2D44586E00824C77 /* Models */ = {
			isa = PBXGroup;
			children = (
			);
			path = Models;
			sourceTree = "<group>";
		};
		EB6173CE2D454E3B00824C77 /* Utils */ = {
			isa = PBXGroup;
			children = (
				EB6173CF2D4571F500824C77 /* recognizeText.swift */,
				EB6173D12D45720E00824C77 /* extractBankData.swift */,
			);
			path = Utils;
			sourceTree = "<group>";
		};
/* End PBXGroup section */

/* Begin PBXNativeTarget section */
		EB6173A32D4456FC00824C77 /* BanquitoScan */ = {
			isa = PBXNativeTarget;
			buildConfigurationList = EB6173B82D4456FD00824C77 /* Build configuration list for PBXNativeTarget "BanquitoScan" */;
			buildPhases = (
				EB6173A02D4456FC00824C77 /* Sources */,
				EB6173A12D4456FC00824C77 /* Frameworks */,
				EB6173A22D4456FC00824C77 /* Resources */,
			);
			buildRules = (
			);
			dependencies = (
			);
			name = BanquitoScan;
			productName = BanquitoScan;
			productReference = EB6173A42D4456FC00824C77 /* BanquitoScan.app */;
			productType = "com.apple.product-type.application";
		};
/* End PBXNativeTarget section */

/* Begin PBXProject section */
		EB61739C2D4456FC00824C77 /* Project object */ = {
			isa = PBXProject;
			attributes = {
				BuildIndependentTargetsInParallel = 1;
				LastSwiftUpdateCheck = 1520;
				LastUpgradeCheck = 1520;
				TargetAttributes = {
					EB6173A32D4456FC00824C77 = {
						CreatedOnToolsVersion = 15.2;
					};
				};
			};
			buildConfigurationList = EB61739F2D4456FC00824C77 /* Build configuration list for PBXProject "BanquitoScan" */;
			compatibilityVersion = "Xcode 14.0";
			developmentRegion = en;
			hasScannedForEncodings = 0;
			knownRegions = (
				en,
				Base,
			);
			mainGroup = EB61739B2D4456FC00824C77;
			productRefGroup = EB6173A52D4456FC00824C77 /* Products */;
			projectDirPath = "";
			projectRoot = "";
			targets = (
				EB6173A32D4456FC00824C77 /* BanquitoScan */,
			);
		};
/* End PBXProject section */

/* Begin PBXResourcesBuildPhase section */
		EB6173A22D4456FC00824C77 /* Resources */ = {
			isa = PBXResourcesBuildPhase;
			buildActionMask = 2147483647;
			files = (
				EB6173B42D4456FD00824C77 /* LaunchScreen.storyboard in Resources */,
				EB6173B12D4456FD00824C77 /* Assets.xcassets in Resources */,
			);
			runOnlyForDeploymentPostprocessing = 0;
		};
/* End PBXResourcesBuildPhase section */

/* Begin PBXSourcesBuildPhase section */
		EB6173A02D4456FC00824C77 /* Sources */ = {
			isa = PBXSourcesBuildPhase;
			buildActionMask = 2147483647;
			files = (
				EB6173C02D445A3A00824C77 /* TabBarViewController.swift in Sources */,
				EB6173C42D445AF100824C77 /* SavedAccountsController.swift in Sources */,
				EB437B352D65F381003D0298 /* DetailsViewController.swift in Sources */,
				EB6173A82D4456FC00824C77 /* AppDelegate.swift in Sources */,
				EB6173D22D45720E00824C77 /* extractBankData.swift in Sources */,
				EB6173C22D445AA300824C77 /* HomeViewController.swift in Sources */,
				EB6173D02D4571F500824C77 /* recognizeText.swift in Sources */,
			);
			runOnlyForDeploymentPostprocessing = 0;
		};
/* End PBXSourcesBuildPhase section */

/* Begin PBXVariantGroup section */
		EB6173B22D4456FD00824C77 /* LaunchScreen.storyboard */ = {
			isa = PBXVariantGroup;
			children = (
				EB6173B32D4456FD00824C77 /* Base */,
			);
			name = LaunchScreen.storyboard;
			sourceTree = "<group>";
		};
/* End PBXVariantGroup section */

/* Begin XCBuildConfiguration section */
		EB6173B62D4456FD00824C77 /* Debug */ = {
			isa = XCBuildConfiguration;
			buildSettings = {
				ALWAYS_SEARCH_USER_PATHS = NO;
				ASSETCATALOG_COMPILER_GENERATE_SWIFT_ASSET_SYMBOL_EXTENSIONS = YES;
				CLANG_ANALYZER_NONNULL = YES;
				CLANG_ANALYZER_NUMBER_OBJECT_CONVERSION = YES_AGGRESSIVE;
				CLANG_CXX_LANGUAGE_STANDARD = "gnu++20";
				CLANG_ENABLE_MODULES = YES;
				CLANG_ENABLE_OBJC_ARC = YES;
				CLANG_ENABLE_OBJC_WEAK = YES;
				CLANG_WARN_BLOCK_CAPTURE_AUTORELEASING = YES;
				CLANG_WARN_BOOL_CONVERSION = YES;
				CLANG_WARN_COMMA = YES;
				CLANG_WARN_CONSTANT_CONVERSION = YES;
				CLANG_WARN_DEPRECATED_OBJC_IMPLEMENTATIONS = YES;
				CLANG_WARN_DIRECT_OBJC_ISA_USAGE = YES_ERROR;
				CLANG_WARN_DOCUMENTATION_COMMENTS = YES;
				CLANG_WARN_EMPTY_BODY = YES;
				CLANG_WARN_ENUM_CONVERSION = YES;
				CLANG_WARN_INFINITE_RECURSION = YES;
				CLANG_WARN_INT_CONVERSION = YES;
				CLANG_WARN_NON_LITERAL_NULL_CONVERSION = YES;
				CLANG_WARN_OBJC_IMPLICIT_RETAIN_SELF = YES;
				CLANG_WARN_OBJC_LITERAL_CONVERSION = YES;
				CLANG_WARN_OBJC_ROOT_CLASS = YES_ERROR;
				CLANG_WARN_QUOTED_INCLUDE_IN_FRAMEWORK_HEADER = YES;
				CLANG_WARN_RANGE_LOOP_ANALYSIS = YES;
				CLANG_WARN_STRICT_PROTOTYPES = YES;
				CLANG_WARN_SUSPICIOUS_MOVE = YES;
				CLANG_WARN_UNGUARDED_AVAILABILITY = YES_AGGRESSIVE;
				CLANG_WARN_UNREACHABLE_CODE = YES;
				CLANG_WARN__DUPLICATE_METHOD_MATCH = YES;
				COPY_PHASE_STRIP = NO;
				DEBUG_INFORMATION_FORMAT = dwarf;
				ENABLE_STRICT_OBJC_MSGSEND = YES;
				ENABLE_TESTABILITY = YES;
				ENABLE_USER_SCRIPT_SANDBOXING = YES;
				GCC_C_LANGUAGE_STANDARD = gnu17;
				GCC_DYNAMIC_NO_PIC = NO;
				GCC_NO_COMMON_BLOCKS = YES;
				GCC_OPTIMIZATION_LEVEL = 0;
				GCC_PREPROCESSOR_DEFINITIONS = (
					"DEBUG=1",
					"$(inherited)",
				);
				GCC_WARN_64_TO_32_BIT_CONVERSION = YES;
				GCC_WARN_ABOUT_RETURN_TYPE = YES_ERROR;
				GCC_WARN_UNDECLARED_SELECTOR = YES;
				GCC_WARN_UNINITIALIZED_AUTOS = YES_AGGRESSIVE;
				GCC_WARN_UNUSED_FUNCTION = YES;
				GCC_WARN_UNUSED_VARIABLE = YES;
				IPHONEOS_DEPLOYMENT_TARGET = 17.2;
				LOCALIZATION_PREFERS_STRING_CATALOGS = YES;
				MTL_ENABLE_DEBUG_INFO = INCLUDE_SOURCE;
				MTL_FAST_MATH = YES;
				ONLY_ACTIVE_ARCH = YES;
				SDKROOT = iphoneos;
				SWIFT_ACTIVE_COMPILATION_CONDITIONS = "DEBUG $(inherited)";
				SWIFT_OPTIMIZATION_LEVEL = "-Onone";
			};
			name = Debug;
		};
		EB6173B72D4456FD00824C77 /* Release */ = {
			isa = XCBuildConfiguration;
			buildSettings = {
				ALWAYS_SEARCH_USER_PATHS = NO;
				ASSETCATALOG_COMPILER_GENERATE_SWIFT_ASSET_SYMBOL_EXTENSIONS = YES;
				CLANG_ANALYZER_NONNULL = YES;
				CLANG_ANALYZER_NUMBER_OBJECT_CONVERSION = YES_AGGRESSIVE;
				CLANG_CXX_LANGUAGE_STANDARD = "gnu++20";
				CLANG_ENABLE_MODULES = YES;
				CLANG_ENABLE_OBJC_ARC = YES;
				CLANG_ENABLE_OBJC_WEAK = YES;
				CLANG_WARN_BLOCK_CAPTURE_AUTORELEASING = YES;
				CLANG_WARN_BOOL_CONVERSION = YES;
				CLANG_WARN_COMMA = YES;
				CLANG_WARN_CONSTANT_CONVERSION = YES;
				CLANG_WARN_DEPRECATED_OBJC_IMPLEMENTATIONS = YES;
				CLANG_WARN_DIRECT_OBJC_ISA_USAGE = YES_ERROR;
				CLANG_WARN_DOCUMENTATION_COMMENTS = YES;
				CLANG_WARN_EMPTY_BODY = YES;
				CLANG_WARN_ENUM_CONVERSION = YES;
				CLANG_WARN_INFINITE_RECURSION = YES;
				CLANG_WARN_INT_CONVERSION = YES;
				CLANG_WARN_NON_LITERAL_NULL_CONVERSION = YES;
				CLANG_WARN_OBJC_IMPLICIT_RETAIN_SELF = YES;
				CLANG_WARN_OBJC_LITERAL_CONVERSION = YES;
				CLANG_WARN_OBJC_ROOT_CLASS = YES_ERROR;
				CLANG_WARN_QUOTED_INCLUDE_IN_FRAMEWORK_HEADER = YES;
				CLANG_WARN_RANGE_LOOP_ANALYSIS = YES;
				CLANG_WARN_STRICT_PROTOTYPES = YES;
				CLANG_WARN_SUSPICIOUS_MOVE = YES;
				CLANG_WARN_UNGUARDED_AVAILABILITY = YES_AGGRESSIVE;
				CLANG_WARN_UNREACHABLE_CODE = YES;
				CLANG_WARN__DUPLICATE_METHOD_MATCH = YES;
				COPY_PHASE_STRIP = NO;
				DEBUG_INFORMATION_FORMAT = "dwarf-with-dsym";
				ENABLE_NS_ASSERTIONS = NO;
				ENABLE_STRICT_OBJC_MSGSEND = YES;
				ENABLE_USER_SCRIPT_SANDBOXING = YES;
				GCC_C_LANGUAGE_STANDARD = gnu17;
				GCC_NO_COMMON_BLOCKS = YES;
				GCC_WARN_64_TO_32_BIT_CONVERSION = YES;
				GCC_WARN_ABOUT_RETURN_TYPE = YES_ERROR;
				GCC_WARN_UNDECLARED_SELECTOR = YES;
				GCC_WARN_UNINITIALIZED_AUTOS = YES_AGGRESSIVE;
				GCC_WARN_UNUSED_FUNCTION = YES;
				GCC_WARN_UNUSED_VARIABLE = YES;
				IPHONEOS_DEPLOYMENT_TARGET = 17.2;
				LOCALIZATION_PREFERS_STRING_CATALOGS = YES;
				MTL_ENABLE_DEBUG_INFO = NO;
				MTL_FAST_MATH = YES;
				SDKROOT = iphoneos;
				SWIFT_COMPILATION_MODE = wholemodule;
				VALIDATE_PRODUCT = YES;
			};
			name = Release;
		};
		EB6173B92D4456FD00824C77 /* Debug */ = {
			isa = XCBuildConfiguration;
			buildSettings = {
				ASSETCATALOG_COMPILER_APPICON_NAME = AppIcon;
				ASSETCATALOG_COMPILER_GLOBAL_ACCENT_COLOR_NAME = AccentColor;
				CODE_SIGN_STYLE = Automatic;
				CURRENT_PROJECT_VERSION = 1;
				DEVELOPMENT_TEAM = 8Y3ZVN9AH6;
				GENERATE_INFOPLIST_FILE = YES;
				INFOPLIST_FILE = BanquitoScan/Info.plist;
				INFOPLIST_KEY_UIApplicationSupportsIndirectInputEvents = YES;
				INFOPLIST_KEY_UILaunchStoryboardName = LaunchScreen;
				INFOPLIST_KEY_UISupportedInterfaceOrientations_iPad = "UIInterfaceOrientationPortrait UIInterfaceOrientationPortraitUpsideDown UIInterfaceOrientationLandscapeLeft UIInterfaceOrientationLandscapeRight";
				INFOPLIST_KEY_UISupportedInterfaceOrientations_iPhone = "UIInterfaceOrientationPortrait UIInterfaceOrientationLandscapeLeft UIInterfaceOrientationLandscapeRight";
				LD_RUNPATH_SEARCH_PATHS = (
					"$(inherited)",
					"@executable_path/Frameworks",
				);
				MARKETING_VERSION = 1.0;
				PRODUCT_BUNDLE_IDENTIFIER = dev.gasparn.BanquitoScan;
				PRODUCT_NAME = "$(TARGET_NAME)";
				SWIFT_EMIT_LOC_STRINGS = YES;
				SWIFT_VERSION = 5.0;
				TARGETED_DEVICE_FAMILY = "1,2";
			};
			name = Debug;
		};
		EB6173BA2D4456FD00824C77 /* Release */ = {
			isa = XCBuildConfiguration;
			buildSettings = {
				ASSETCATALOG_COMPILER_APPICON_NAME = AppIcon;
				ASSETCATALOG_COMPILER_GLOBAL_ACCENT_COLOR_NAME = AccentColor;
				CODE_SIGN_STYLE = Automatic;
				CURRENT_PROJECT_VERSION = 1;
				DEVELOPMENT_TEAM = 8Y3ZVN9AH6;
				GENERATE_INFOPLIST_FILE = YES;
				INFOPLIST_FILE = BanquitoScan/Info.plist;
				INFOPLIST_KEY_UIApplicationSupportsIndirectInputEvents = YES;
				INFOPLIST_KEY_UILaunchStoryboardName = LaunchScreen;
				INFOPLIST_KEY_UISupportedInterfaceOrientations_iPad = "UIInterfaceOrientationPortrait UIInterfaceOrientationPortraitUpsideDown UIInterfaceOrientationLandscapeLeft UIInterfaceOrientationLandscapeRight";
				INFOPLIST_KEY_UISupportedInterfaceOrientations_iPhone = "UIInterfaceOrientationPortrait UIInterfaceOrientationLandscapeLeft UIInterfaceOrientationLandscapeRight";
				LD_RUNPATH_SEARCH_PATHS = (
					"$(inherited)",
					"@executable_path/Frameworks",
				);
				MARKETING_VERSION = 1.0;
				PRODUCT_BUNDLE_IDENTIFIER = dev.gasparn.BanquitoScan;
				PRODUCT_NAME = "$(TARGET_NAME)";
				SWIFT_EMIT_LOC_STRINGS = YES;
				SWIFT_VERSION = 5.0;
				TARGETED_DEVICE_FAMILY = "1,2";
			};
			name = Release;
		};
/* End XCBuildConfiguration section */

/* Begin XCConfigurationList section */
		EB61739F2D4456FC00824C77 /* Build configuration list for PBXProject "BanquitoScan" */ = {
			isa = XCConfigurationList;
			buildConfigurations = (
				EB6173B62D4456FD00824C77 /* Debug */,
				EB6173B72D4456FD00824C77 /* Release */,
			);
			defaultConfigurationIsVisible = 0;
			defaultConfigurationName = Release;
		};
		EB6173B82D4456FD00824C77 /* Build configuration list for PBXNativeTarget "BanquitoScan" */ = {
			isa = XCConfigurationList;
			buildConfigurations = (
				EB6173B92D4456FD00824C77 /* Debug */,
				EB6173BA2D4456FD00824C77 /* Release */,
			);
			defaultConfigurationIsVisible = 0;
			defaultConfigurationName = Release;
		};
/* End XCConfigurationList section */
	};
	rootObject = EB61739C2D4456FC00824C77 /* Project object */;
}
