// !$*UTF8*$!
{
	archiveVersion = 1;
	classes = {
	};
	objectVersion = 70;
	objects = {

/* Begin PBXBuildFile section */
		EB437B352D65F381003D0298 /* DetailsViewController.swift in Sources */ = {isa = PBXBuildFile; fileRef = EB437B342D65F381003D0298 /* DetailsViewController.swift */; };
		EB437B3B2D673689003D0298 /* ValidateAndParseBankData.swift in Sources */ = {isa = PBXBuildFile; fileRef = EB437B3A2D673689003D0298 /* ValidateAndParseBankData.swift */; };
		EB437B3D2D673948003D0298 /* RutValidator.swift in Sources */ = {isa = PBXBuildFile; fileRef = EB437B3C2D673948003D0298 /* RutValidator.swift */; };
		EB437B3F2D6DCFBB003D0298 /* BankAccount.swift in Sources */ = {isa = PBXBuildFile; fileRef = EB437B3E2D6DCFBB003D0298 /* BankAccount.swift */; };
		EB437B422D7139D2003D0298 /* Toast.swift in Sources */ = {isa = PBXBuildFile; fileRef = EB437B412D7139D2003D0298 /* Toast.swift */; };
		EB437B532D7C790C003D0298 /* RutValidatorTest.swift in Sources */ = {isa = PBXBuildFile; fileRef = EB437B522D7C790C003D0298 /* RutValidatorTest.swift */; };
		EB437B562D7C9D83003D0298 /* AccountsData.xcdatamodeld in Sources */ = {isa = PBXBuildFile; fileRef = EB437B542D7C9D83003D0298 /* AccountsData.xcdatamodeld */; };
		EB437B7C2D7CB2A6003D0298 /* CoreDataManager.swift in Sources */ = {isa = PBXBuildFile; fileRef = EB437B7B2D7CB2A6003D0298 /* CoreDataManager.swift */; };
		EB437B832D7CCB92003D0298 /* AccountListCell.swift in Sources */ = {isa = PBXBuildFile; fileRef = EB437B822D7CCB92003D0298 /* AccountListCell.swift */; };
		EB437B852D7CF036003D0298 /* CopyInClipboard.swift in Sources */ = {isa = PBXBuildFile; fileRef = EB437B842D7CF036003D0298 /* CopyInClipboard.swift */; };
		EB437B892D7CF3C0003D0298 /* HapticsFeedback.swift in Sources */ = {isa = PBXBuildFile; fileRef = EB437B882D7CF3C0003D0298 /* HapticsFeedback.swift */; };
		EB437B8D2D7D08B4003D0298 /* AccountInfoView.swift in Sources */ = {isa = PBXBuildFile; fileRef = EB437B8C2D7D08B4003D0298 /* AccountInfoView.swift */; };
		EB437B912D803C9B003D0298 /* ActionButtonsView.swift in Sources */ = {isa = PBXBuildFile; fileRef = EB437B902D803C9B003D0298 /* ActionButtonsView.swift */; };
		EB6173A82D4456FC00824C77 /* AppDelegate.swift in Sources */ = {isa = PBXBuildFile; fileRef = EB6173A72D4456FC00824C77 /* AppDelegate.swift */; };
		EB6173B12D4456FD00824C77 /* Assets.xcassets in Resources */ = {isa = PBXBuildFile; fileRef = EB6173B02D4456FD00824C77 /* Assets.xcassets */; };
		EB6173B42D4456FD00824C77 /* LaunchScreen.storyboard in Resources */ = {isa = PBXBuildFile; fileRef = EB6173B22D4456FD00824C77 /* LaunchScreen.storyboard */; };
		EB6173D22D45720E00824C77 /* BankAccountScanner.swift in Sources */ = {isa = PBXBuildFile; fileRef = EB6173D12D45720E00824C77 /* BankAccountScanner.swift */; };
		EBA59B172DED1FE40027F524 /* ScanNewAccountRouter.swift in Sources */ = {isa = PBXBuildFile; fileRef = EBA59B162DED1FE40027F524 /* ScanNewAccountRouter.swift */; };
		EBA59B192DED1FF20027F524 /* ScanNewAccountView.swift in Sources */ = {isa = PBXBuildFile; fileRef = EBA59B182DED1FF20027F524 /* ScanNewAccountView.swift */; };
		EBFF5C392DECDBC400CBFDE7 /* DatabaseProtocol.swift in Sources */ = {isa = PBXBuildFile; fileRef = EBFF5C382DECDBC400CBFDE7 /* DatabaseProtocol.swift */; };
/* End PBXBuildFile section */

/* Begin PBXContainerItemProxy section */
		EB437B4B2D7C78E6003D0298 /* PBXContainerItemProxy */ = {
			isa = PBXContainerItemProxy;
			containerPortal = EB61739C2D4456FC00824C77 /* Project object */;
			proxyType = 1;
			remoteGlobalIDString = EB6173A32D4456FC00824C77;
			remoteInfo = BanquitoScan;
		};
/* End PBXContainerItemProxy section */

/* Begin PBXFileReference section */
		EB437B342D65F381003D0298 /* DetailsViewController.swift */ = {isa = PBXFileReference; lastKnownFileType = sourcecode.swift; path = DetailsViewController.swift; sourceTree = "<group>"; };
		EB437B3A2D673689003D0298 /* ValidateAndParseBankData.swift */ = {isa = PBXFileReference; lastKnownFileType = sourcecode.swift; path = ValidateAndParseBankData.swift; sourceTree = "<group>"; };
		EB437B3C2D673948003D0298 /* RutValidator.swift */ = {isa = PBXFileReference; lastKnownFileType = sourcecode.swift; path = RutValidator.swift; sourceTree = "<group>"; };
		EB437B3E2D6DCFBB003D0298 /* BankAccount.swift */ = {isa = PBXFileReference; lastKnownFileType = sourcecode.swift; path = BankAccount.swift; sourceTree = "<group>"; };
		EB437B412D7139D2003D0298 /* Toast.swift */ = {isa = PBXFileReference; lastKnownFileType = sourcecode.swift; path = Toast.swift; sourceTree = "<group>"; };
		EB437B472D7C78E6003D0298 /* BanquitoScanTests.xctest */ = {isa = PBXFileReference; explicitFileType = wrapper.cfbundle; includeInIndex = 0; path = BanquitoScanTests.xctest; sourceTree = BUILT_PRODUCTS_DIR; };
		EB437B522D7C790C003D0298 /* RutValidatorTest.swift */ = {isa = PBXFileReference; lastKnownFileType = sourcecode.swift; path = RutValidatorTest.swift; sourceTree = "<group>"; };
		EB437B552D7C9D83003D0298 /* AccountsData.xcdatamodel */ = {isa = PBXFileReference; lastKnownFileType = wrapper.xcdatamodel; path = AccountsData.xcdatamodel; sourceTree = "<group>"; };
		EB437B7B2D7CB2A6003D0298 /* CoreDataManager.swift */ = {isa = PBXFileReference; lastKnownFileType = sourcecode.swift; path = CoreDataManager.swift; sourceTree = "<group>"; };
		EB437B822D7CCB92003D0298 /* AccountListCell.swift */ = {isa = PBXFileReference; lastKnownFileType = sourcecode.swift; path = AccountListCell.swift; sourceTree = "<group>"; };
		EB437B842D7CF036003D0298 /* CopyInClipboard.swift */ = {isa = PBXFileReference; lastKnownFileType = sourcecode.swift; path = CopyInClipboard.swift; sourceTree = "<group>"; };
		EB437B882D7CF3C0003D0298 /* HapticsFeedback.swift */ = {isa = PBXFileReference; lastKnownFileType = sourcecode.swift; path = HapticsFeedback.swift; sourceTree = "<group>"; };
		EB437B8C2D7D08B4003D0298 /* AccountInfoView.swift */ = {isa = PBXFileReference; lastKnownFileType = sourcecode.swift; path = AccountInfoView.swift; sourceTree = "<group>"; };
		EB437B902D803C9B003D0298 /* ActionButtonsView.swift */ = {isa = PBXFileReference; lastKnownFileType = sourcecode.swift; path = ActionButtonsView.swift; sourceTree = "<group>"; };
		EB6173A42D4456FC00824C77 /* BanquitoScan.app */ = {isa = PBXFileReference; explicitFileType = wrapper.application; includeInIndex = 0; path = BanquitoScan.app; sourceTree = BUILT_PRODUCTS_DIR; };
		EB6173A72D4456FC00824C77 /* AppDelegate.swift */ = {isa = PBXFileReference; lastKnownFileType = sourcecode.swift; path = AppDelegate.swift; sourceTree = "<group>"; };
		EB6173B02D4456FD00824C77 /* Assets.xcassets */ = {isa = PBXFileReference; lastKnownFileType = folder.assetcatalog; path = Assets.xcassets; sourceTree = "<group>"; };
		EB6173B32D4456FD00824C77 /* Base */ = {isa = PBXFileReference; lastKnownFileType = file.storyboard; name = Base; path = Base.lproj/LaunchScreen.storyboard; sourceTree = "<group>"; };
		EB6173B52D4456FD00824C77 /* Info.plist */ = {isa = PBXFileReference; lastKnownFileType = text.plist.xml; path = Info.plist; sourceTree = "<group>"; };
		EB6173D12D45720E00824C77 /* BankAccountScanner.swift */ = {isa = PBXFileReference; lastKnownFileType = sourcecode.swift; path = BankAccountScanner.swift; sourceTree = "<group>"; };
		EBA59B162DED1FE40027F524 /* ScanNewAccountRouter.swift */ = {isa = PBXFileReference; lastKnownFileType = sourcecode.swift; path = ScanNewAccountRouter.swift; sourceTree = "<group>"; };
		EBA59B182DED1FF20027F524 /* ScanNewAccountView.swift */ = {isa = PBXFileReference; lastKnownFileType = sourcecode.swift; path = ScanNewAccountView.swift; sourceTree = "<group>"; };
		EBFF5C382DECDBC400CBFDE7 /* DatabaseProtocol.swift */ = {isa = PBXFileReference; lastKnownFileType = sourcecode.swift; path = DatabaseProtocol.swift; sourceTree = "<group>"; };
/* End PBXFileReference section */

/* Begin PBXFileSystemSynchronizedBuildFileExceptionSet section */
		EBFF5C302DECD9E400CBFDE7 /* PBXFileSystemSynchronizedBuildFileExceptionSet */ = {
			isa = PBXFileSystemSynchronizedBuildFileExceptionSet;
			membershipExceptions = (
				Entities/AccountEntity.swift,
				Interactors/ListOfAccountsInteractor.swift,
				Interactors/ListOfAccountsInteractorProtocol.swift,
				Interactors/MockListOfAccountsInteractor.swift,
				ListOfAccountsRouter.swift,
				ListOfAccountsView.swift,
				Presenters/ListOfAccountsPresenter.swift,
				Presenters/ListOfAccountsPresenterProtocol.swift,
			);
			target = EB6173A32D4456FC00824C77 /* BanquitoScan */;
		};
/* End PBXFileSystemSynchronizedBuildFileExceptionSet section */

/* Begin PBXFileSystemSynchronizedRootGroup section */
		EBA59B1A2DEDB2D00027F524 /* Interactors */ = {isa = PBXFileSystemSynchronizedRootGroup; explicitFileTypes = {}; explicitFolders = (); path = Interactors; sourceTree = "<group>"; };
		EBA59B1B2DEDB2DC0027F524 /* Presenters */ = {isa = PBXFileSystemSynchronizedRootGroup; explicitFileTypes = {}; explicitFolders = (); path = Presenters; sourceTree = "<group>"; };
		EBFF5C2C2DECD97500CBFDE7 /* ListOfAccounts */ = {isa = PBXFileSystemSynchronizedRootGroup; exceptions = (EBFF5C302DECD9E400CBFDE7 /* PBXFileSystemSynchronizedBuildFileExceptionSet */, ); explicitFileTypes = {}; explicitFolders = (); path = ListOfAccounts; sourceTree = "<group>"; };
/* End PBXFileSystemSynchronizedRootGroup section */

/* Begin PBXFrameworksBuildPhase section */
		EB437B442D7C78E6003D0298 /* Frameworks */ = {
			isa = PBXFrameworksBuildPhase;
			buildActionMask = 2147483647;
			files = (
			);
			runOnlyForDeploymentPostprocessing = 0;
		};
		EB6173A12D4456FC00824C77 /* Frameworks */ = {
			isa = PBXFrameworksBuildPhase;
			buildActionMask = 2147483647;
			files = (
			);
			runOnlyForDeploymentPostprocessing = 0;
		};
/* End PBXFrameworksBuildPhase section */

/* Begin PBXGroup section */
		EB437B402D7139B9003D0298 /* Extentions */ = {
			isa = PBXGroup;
			children = (
				EB437B412D7139D2003D0298 /* Toast.swift */,
			);
			path = Extentions;
			sourceTree = "<group>";
		};
		EB437B482D7C78E6003D0298 /* BanquitoScanTests */ = {
			isa = PBXGroup;
			children = (
				EB437B522D7C790C003D0298 /* RutValidatorTest.swift */,
			);
			path = BanquitoScanTests;
			sourceTree = "<group>";
		};
		EB437B7A2D7CB28C003D0298 /* Managers */ = {
			isa = PBXGroup;
			children = (
				EB437B7B2D7CB2A6003D0298 /* CoreDataManager.swift */,
				EBFF5C382DECDBC400CBFDE7 /* DatabaseProtocol.swift */,
			);
			path = Managers;
			sourceTree = "<group>";
		};
		EB437B7D2D7CC536003D0298 /* Views */ = {
			isa = PBXGroup;
			children = (
				EB437B822D7CCB92003D0298 /* AccountListCell.swift */,
				EB437B8C2D7D08B4003D0298 /* AccountInfoView.swift */,
				EB437B902D803C9B003D0298 /* ActionButtonsView.swift */,
			);
			path = Views;
			sourceTree = "<group>";
		};
		EB61739B2D4456FC00824C77 = {
			isa = PBXGroup;
			children = (
				EB437B542D7C9D83003D0298 /* AccountsData.xcdatamodeld */,
				EB6173A62D4456FC00824C77 /* BanquitoScan */,
				EB437B482D7C78E6003D0298 /* BanquitoScanTests */,
				EB6173A52D4456FC00824C77 /* Products */,
			);
			sourceTree = "<group>";
		};
		EB6173A52D4456FC00824C77 /* Products */ = {
			isa = PBXGroup;
			children = (
				EB6173A42D4456FC00824C77 /* BanquitoScan.app */,
				EB437B472D7C78E6003D0298 /* BanquitoScanTests.xctest */,
			);
			name = Products;
			sourceTree = "<group>";
		};
		EB6173A62D4456FC00824C77 /* BanquitoScan */ = {
			isa = PBXGroup;
			children = (
				EBA59B152DED1FC30027F524 /* ScanNewAccount */,
				EBFF5C2C2DECD97500CBFDE7 /* ListOfAccounts */,
				EB437B7D2D7CC536003D0298 /* Views */,
				EB437B7A2D7CB28C003D0298 /* Managers */,
				EB437B402D7139B9003D0298 /* Extentions */,
				EB6173CE2D454E3B00824C77 /* Utils */,
				EB6173BD2D44586E00824C77 /* Models */,
				EB6173BC2D44586700824C77 /* Controllers */,
				EB6173BB2D4457EE00824C77 /* Resources */,
				EB6173B52D4456FD00824C77 /* Info.plist */,
			);
			path = BanquitoScan;
			sourceTree = "<group>";
		};
		EB6173BB2D4457EE00824C77 /* Resources */ = {
			isa = PBXGroup;
			children = (
				EB6173A72D4456FC00824C77 /* AppDelegate.swift */,
				EB6173B02D4456FD00824C77 /* Assets.xcassets */,
				EB6173B22D4456FD00824C77 /* LaunchScreen.storyboard */,
			);
			path = Resources;
			sourceTree = "<group>";
		};
		EB6173BC2D44586700824C77 /* Controllers */ = {
			isa = PBXGroup;
			children = (
				EB437B342D65F381003D0298 /* DetailsViewController.swift */,
			);
			path = Controllers;
			sourceTree = "<group>";
		};
		EB6173BD2D44586E00824C77 /* Models */ = {
			isa = PBXGroup;
			children = (
				EB437B3E2D6DCFBB003D0298 /* BankAccount.swift */,
			);
			path = Models;
			sourceTree = "<group>";
		};
		EB6173CE2D454E3B00824C77 /* Utils */ = {
			isa = PBXGroup;
			children = (
				EB6173D12D45720E00824C77 /* BankAccountScanner.swift */,
				EB437B3A2D673689003D0298 /* ValidateAndParseBankData.swift */,
				EB437B3C2D673948003D0298 /* RutValidator.swift */,
				EB437B842D7CF036003D0298 /* CopyInClipboard.swift */,
				EB437B882D7CF3C0003D0298 /* HapticsFeedback.swift */,
			);
			path = Utils;
			sourceTree = "<group>";
		};
		EBA59B152DED1FC30027F524 /* ScanNewAccount */ = {
			isa = PBXGroup;
			children = (
				EBA59B1B2DEDB2DC0027F524 /* Presenters */,
				EBA59B1A2DEDB2D00027F524 /* Interactors */,
				EBA59B162DED1FE40027F524 /* ScanNewAccountRouter.swift */,
				EBA59B182DED1FF20027F524 /* ScanNewAccountView.swift */,
			);
			path = ScanNewAccount;
			sourceTree = "<group>";
		};
/* End PBXGroup section */

/* Begin PBXNativeTarget section */
		EB437B462D7C78E6003D0298 /* BanquitoScanTests */ = {
			isa = PBXNativeTarget;
			buildConfigurationList = EB437B4D2D7C78E6003D0298 /* Build configuration list for PBXNativeTarget "BanquitoScanTests" */;
			buildPhases = (
				EB437B432D7C78E6003D0298 /* Sources */,
				EB437B442D7C78E6003D0298 /* Frameworks */,
				EB437B452D7C78E6003D0298 /* Resources */,
			);
			buildRules = (
			);
			dependencies = (
				EB437B4C2D7C78E6003D0298 /* PBXTargetDependency */,
			);
			name = BanquitoScanTests;
			productName = BanquitoScanTests;
			productReference = EB437B472D7C78E6003D0298 /* BanquitoScanTests.xctest */;
			productType = "com.apple.product-type.bundle.unit-test";
		};
		EB6173A32D4456FC00824C77 /* BanquitoScan */ = {
			isa = PBXNativeTarget;
			buildConfigurationList = EB6173B82D4456FD00824C77 /* Build configuration list for PBXNativeTarget "BanquitoScan" */;
			buildPhases = (
				EB6173A02D4456FC00824C77 /* Sources */,
				EB6173A12D4456FC00824C77 /* Frameworks */,
				EB6173A22D4456FC00824C77 /* Resources */,
			);
			buildRules = (
			);
			dependencies = (
			);
			fileSystemSynchronizedGroups = (
				EBA59B1A2DEDB2D00027F524 /* Interactors */,
				EBA59B1B2DEDB2DC0027F524 /* Presenters */,
			);
			name = BanquitoScan;
			productName = BanquitoScan;
			productReference = EB6173A42D4456FC00824C77 /* BanquitoScan.app */;
			productType = "com.apple.product-type.application";
		};
/* End PBXNativeTarget section */

/* Begin PBXProject section */
		EB61739C2D4456FC00824C77 /* Project object */ = {
			isa = PBXProject;
			attributes = {
				BuildIndependentTargetsInParallel = 1;
				LastSwiftUpdateCheck = 1520;
				LastUpgradeCheck = 1520;
				TargetAttributes = {
					EB437B462D7C78E6003D0298 = {
						CreatedOnToolsVersion = 15.2;
						TestTargetID = EB6173A32D4456FC00824C77;
					};
					EB6173A32D4456FC00824C77 = {
						CreatedOnToolsVersion = 15.2;
					};
				};
			};
			buildConfigurationList = EB61739F2D4456FC00824C77 /* Build configuration list for PBXProject "BanquitoScan" */;
			compatibilityVersion = "Xcode 14.0";
			developmentRegion = en;
			hasScannedForEncodings = 0;
			knownRegions = (
				en,
				Base,
			);
			mainGroup = EB61739B2D4456FC00824C77;
			productRefGroup = EB6173A52D4456FC00824C77 /* Products */;
			projectDirPath = "";
			projectRoot = "";
			targets = (
				EB6173A32D4456FC00824C77 /* BanquitoScan */,
				EB437B462D7C78E6003D0298 /* BanquitoScanTests */,
			);
		};
/* End PBXProject section */

/* Begin PBXResourcesBuildPhase section */
		EB437B452D7C78E6003D0298 /* Resources */ = {
			isa = PBXResourcesBuildPhase;
			buildActionMask = 2147483647;
			files = (
			);
			runOnlyForDeploymentPostprocessing = 0;
		};
		EB6173A22D4456FC00824C77 /* Resources */ = {
			isa = PBXResourcesBuildPhase;
			buildActionMask = 2147483647;
			files = (
				EB6173B42D4456FD00824C77 /* LaunchScreen.storyboard in Resources */,
				EB6173B12D4456FD00824C77 /* Assets.xcassets in Resources */,
			);
			runOnlyForDeploymentPostprocessing = 0;
		};
/* End PBXResourcesBuildPhase section */

/* Begin PBXSourcesBuildPhase section */
		EB437B432D7C78E6003D0298 /* Sources */ = {
			isa = PBXSourcesBuildPhase;
			buildActionMask = 2147483647;
			files = (
				EB437B532D7C790C003D0298 /* RutValidatorTest.swift in Sources */,
			);
			runOnlyForDeploymentPostprocessing = 0;
		};
		EB6173A02D4456FC00824C77 /* Sources */ = {
			isa = PBXSourcesBuildPhase;
			buildActionMask = 2147483647;
			files = (
				EB437B352D65F381003D0298 /* DetailsViewController.swift in Sources */,
				EB437B422D7139D2003D0298 /* Toast.swift in Sources */,
				EB437B912D803C9B003D0298 /* ActionButtonsView.swift in Sources */,
				EB6173A82D4456FC00824C77 /* AppDelegate.swift in Sources */,
				EBFF5C392DECDBC400CBFDE7 /* DatabaseProtocol.swift in Sources */,
				EB437B562D7C9D83003D0298 /* AccountsData.xcdatamodeld in Sources */,
				EB6173D22D45720E00824C77 /* BankAccountScanner.swift in Sources */,
				EBA59B192DED1FF20027F524 /* ScanNewAccountView.swift in Sources */,
				EB437B8D2D7D08B4003D0298 /* AccountInfoView.swift in Sources */,
				EBA59B172DED1FE40027F524 /* ScanNewAccountRouter.swift in Sources */,
				EB437B3D2D673948003D0298 /* RutValidator.swift in Sources */,
				EB437B832D7CCB92003D0298 /* AccountListCell.swift in Sources */,
				EB437B3F2D6DCFBB003D0298 /* BankAccount.swift in Sources */,
				EB437B7C2D7CB2A6003D0298 /* CoreDataManager.swift in Sources */,
				EB437B892D7CF3C0003D0298 /* HapticsFeedback.swift in Sources */,
				EB437B852D7CF036003D0298 /* CopyInClipboard.swift in Sources */,
				EB437B3B2D673689003D0298 /* ValidateAndParseBankData.swift in Sources */,
			);
			runOnlyForDeploymentPostprocessing = 0;
		};
/* End PBXSourcesBuildPhase section */

/* Begin PBXTargetDependency section */
		EB437B4C2D7C78E6003D0298 /* PBXTargetDependency */ = {
			isa = PBXTargetDependency;
			target = EB6173A32D4456FC00824C77 /* BanquitoScan */;
			targetProxy = EB437B4B2D7C78E6003D0298 /* PBXContainerItemProxy */;
		};
/* End PBXTargetDependency section */

/* Begin PBXVariantGroup section */
		EB6173B22D4456FD00824C77 /* LaunchScreen.storyboard */ = {
			isa = PBXVariantGroup;
			children = (
				EB6173B32D4456FD00824C77 /* Base */,
			);
			name = LaunchScreen.storyboard;
			sourceTree = "<group>";
		};
/* End PBXVariantGroup section */

/* Begin XCBuildConfiguration section */
		EB437B4E2D7C78E6003D0298 /* Debug */ = {
			isa = XCBuildConfiguration;
			buildSettings = {
				BUNDLE_LOADER = "$(TEST_HOST)";
				CODE_SIGN_STYLE = Automatic;
				CURRENT_PROJECT_VERSION = 1;
				DEVELOPMENT_TEAM = 8Y3ZVN9AH6;
				GENERATE_INFOPLIST_FILE = YES;
				IPHONEOS_DEPLOYMENT_TARGET = 15.0;
				MARKETING_VERSION = 1.0;
				PRODUCT_BUNDLE_IDENTIFIER = dev.gasparn.BanquitoScanTests;
				PRODUCT_NAME = "$(TARGET_NAME)";
				SUPPORTED_PLATFORMS = "iphoneos iphonesimulator";
				SUPPORTS_MACCATALYST = NO;
				SUPPORTS_MAC_DESIGNED_FOR_IPHONE_IPAD = NO;
				SUPPORTS_XR_DESIGNED_FOR_IPHONE_IPAD = NO;
				SWIFT_EMIT_LOC_STRINGS = NO;
				SWIFT_VERSION = 5.0;
				TARGETED_DEVICE_FAMILY = "1,2";
				TEST_HOST = "$(BUILT_PRODUCTS_DIR)/BanquitoScan.app/$(BUNDLE_EXECUTABLE_FOLDER_PATH)/BanquitoScan";
			};
			name = Debug;
		};
		EB437B4F2D7C78E6003D0298 /* Release */ = {
			isa = XCBuildConfiguration;
			buildSettings = {
				BUNDLE_LOADER = "$(TEST_HOST)";
				CODE_SIGN_STYLE = Automatic;
				CURRENT_PROJECT_VERSION = 1;
				DEVELOPMENT_TEAM = 8Y3ZVN9AH6;
				GENERATE_INFOPLIST_FILE = YES;
				IPHONEOS_DEPLOYMENT_TARGET = 15.0;
				MARKETING_VERSION = 1.0;
				PRODUCT_BUNDLE_IDENTIFIER = dev.gasparn.BanquitoScanTests;
				PRODUCT_NAME = "$(TARGET_NAME)";
				SUPPORTED_PLATFORMS = "iphoneos iphonesimulator";
				SUPPORTS_MACCATALYST = NO;
				SUPPORTS_MAC_DESIGNED_FOR_IPHONE_IPAD = NO;
				SUPPORTS_XR_DESIGNED_FOR_IPHONE_IPAD = NO;
				SWIFT_EMIT_LOC_STRINGS = NO;
				SWIFT_VERSION = 5.0;
				TARGETED_DEVICE_FAMILY = "1,2";
				TEST_HOST = "$(BUILT_PRODUCTS_DIR)/BanquitoScan.app/$(BUNDLE_EXECUTABLE_FOLDER_PATH)/BanquitoScan";
			};
			name = Release;
		};
		EB6173B62D4456FD00824C77 /* Debug */ = {
			isa = XCBuildConfiguration;
			buildSettings = {
				ALWAYS_SEARCH_USER_PATHS = NO;
				ASSETCATALOG_COMPILER_GENERATE_SWIFT_ASSET_SYMBOL_EXTENSIONS = YES;
				CLANG_ANALYZER_NONNULL = YES;
				CLANG_ANALYZER_NUMBER_OBJECT_CONVERSION = YES_AGGRESSIVE;
				CLANG_CXX_LANGUAGE_STANDARD = "gnu++20";
				CLANG_ENABLE_MODULES = YES;
				CLANG_ENABLE_OBJC_ARC = YES;
				CLANG_ENABLE_OBJC_WEAK = YES;
				CLANG_WARN_BLOCK_CAPTURE_AUTORELEASING = YES;
				CLANG_WARN_BOOL_CONVERSION = YES;
				CLANG_WARN_COMMA = YES;
				CLANG_WARN_CONSTANT_CONVERSION = YES;
				CLANG_WARN_DEPRECATED_OBJC_IMPLEMENTATIONS = YES;
				CLANG_WARN_DIRECT_OBJC_ISA_USAGE = YES_ERROR;
				CLANG_WARN_DOCUMENTATION_COMMENTS = YES;
				CLANG_WARN_EMPTY_BODY = YES;
				CLANG_WARN_ENUM_CONVERSION = YES;
				CLANG_WARN_INFINITE_RECURSION = YES;
				CLANG_WARN_INT_CONVERSION = YES;
				CLANG_WARN_NON_LITERAL_NULL_CONVERSION = YES;
				CLANG_WARN_OBJC_IMPLICIT_RETAIN_SELF = YES;
				CLANG_WARN_OBJC_LITERAL_CONVERSION = YES;
				CLANG_WARN_OBJC_ROOT_CLASS = YES_ERROR;
				CLANG_WARN_QUOTED_INCLUDE_IN_FRAMEWORK_HEADER = YES;
				CLANG_WARN_RANGE_LOOP_ANALYSIS = YES;
				CLANG_WARN_STRICT_PROTOTYPES = YES;
				CLANG_WARN_SUSPICIOUS_MOVE = YES;
				CLANG_WARN_UNGUARDED_AVAILABILITY = YES_AGGRESSIVE;
				CLANG_WARN_UNREACHABLE_CODE = YES;
				CLANG_WARN__DUPLICATE_METHOD_MATCH = YES;
				COPY_PHASE_STRIP = NO;
				DEBUG_INFORMATION_FORMAT = dwarf;
				ENABLE_STRICT_OBJC_MSGSEND = YES;
				ENABLE_TESTABILITY = YES;
				ENABLE_USER_SCRIPT_SANDBOXING = YES;
				GCC_C_LANGUAGE_STANDARD = gnu17;
				GCC_DYNAMIC_NO_PIC = NO;
				GCC_NO_COMMON_BLOCKS = YES;
				GCC_OPTIMIZATION_LEVEL = 0;
				GCC_PREPROCESSOR_DEFINITIONS = (
					"DEBUG=1",
					"$(inherited)",
				);
				GCC_WARN_64_TO_32_BIT_CONVERSION = YES;
				GCC_WARN_ABOUT_RETURN_TYPE = YES_ERROR;
				GCC_WARN_UNDECLARED_SELECTOR = YES;
				GCC_WARN_UNINITIALIZED_AUTOS = YES_AGGRESSIVE;
				GCC_WARN_UNUSED_FUNCTION = YES;
				GCC_WARN_UNUSED_VARIABLE = YES;
				IPHONEOS_DEPLOYMENT_TARGET = 17.2;
				LOCALIZATION_PREFERS_STRING_CATALOGS = YES;
				MTL_ENABLE_DEBUG_INFO = INCLUDE_SOURCE;
				MTL_FAST_MATH = YES;
				ONLY_ACTIVE_ARCH = YES;
				SDKROOT = iphoneos;
				SWIFT_ACTIVE_COMPILATION_CONDITIONS = "DEBUG $(inherited)";
				SWIFT_OPTIMIZATION_LEVEL = "-Onone";
			};
			name = Debug;
		};
		EB6173B72D4456FD00824C77 /* Release */ = {
			isa = XCBuildConfiguration;
			buildSettings = {
				ALWAYS_SEARCH_USER_PATHS = NO;
				ASSETCATALOG_COMPILER_GENERATE_SWIFT_ASSET_SYMBOL_EXTENSIONS = YES;
				CLANG_ANALYZER_NONNULL = YES;
				CLANG_ANALYZER_NUMBER_OBJECT_CONVERSION = YES_AGGRESSIVE;
				CLANG_CXX_LANGUAGE_STANDARD = "gnu++20";
				CLANG_ENABLE_MODULES = YES;
				CLANG_ENABLE_OBJC_ARC = YES;
				CLANG_ENABLE_OBJC_WEAK = YES;
				CLANG_WARN_BLOCK_CAPTURE_AUTORELEASING = YES;
				CLANG_WARN_BOOL_CONVERSION = YES;
				CLANG_WARN_COMMA = YES;
				CLANG_WARN_CONSTANT_CONVERSION = YES;
				CLANG_WARN_DEPRECATED_OBJC_IMPLEMENTATIONS = YES;
				CLANG_WARN_DIRECT_OBJC_ISA_USAGE = YES_ERROR;
				CLANG_WARN_DOCUMENTATION_COMMENTS = YES;
				CLANG_WARN_EMPTY_BODY = YES;
				CLANG_WARN_ENUM_CONVERSION = YES;
				CLANG_WARN_INFINITE_RECURSION = YES;
				CLANG_WARN_INT_CONVERSION = YES;
				CLANG_WARN_NON_LITERAL_NULL_CONVERSION = YES;
				CLANG_WARN_OBJC_IMPLICIT_RETAIN_SELF = YES;
				CLANG_WARN_OBJC_LITERAL_CONVERSION = YES;
				CLANG_WARN_OBJC_ROOT_CLASS = YES_ERROR;
				CLANG_WARN_QUOTED_INCLUDE_IN_FRAMEWORK_HEADER = YES;
				CLANG_WARN_RANGE_LOOP_ANALYSIS = YES;
				CLANG_WARN_STRICT_PROTOTYPES = YES;
				CLANG_WARN_SUSPICIOUS_MOVE = YES;
				CLANG_WARN_UNGUARDED_AVAILABILITY = YES_AGGRESSIVE;
				CLANG_WARN_UNREACHABLE_CODE = YES;
				CLANG_WARN__DUPLICATE_METHOD_MATCH = YES;
				COPY_PHASE_STRIP = NO;
				DEBUG_INFORMATION_FORMAT = "dwarf-with-dsym";
				ENABLE_NS_ASSERTIONS = NO;
				ENABLE_STRICT_OBJC_MSGSEND = YES;
				ENABLE_USER_SCRIPT_SANDBOXING = YES;
				GCC_C_LANGUAGE_STANDARD = gnu17;
				GCC_NO_COMMON_BLOCKS = YES;
				GCC_WARN_64_TO_32_BIT_CONVERSION = YES;
				GCC_WARN_ABOUT_RETURN_TYPE = YES_ERROR;
				GCC_WARN_UNDECLARED_SELECTOR = YES;
				GCC_WARN_UNINITIALIZED_AUTOS = YES_AGGRESSIVE;
				GCC_WARN_UNUSED_FUNCTION = YES;
				GCC_WARN_UNUSED_VARIABLE = YES;
				IPHONEOS_DEPLOYMENT_TARGET = 17.2;
				LOCALIZATION_PREFERS_STRING_CATALOGS = YES;
				MTL_ENABLE_DEBUG_INFO = NO;
				MTL_FAST_MATH = YES;
				SDKROOT = iphoneos;
				SWIFT_COMPILATION_MODE = wholemodule;
				VALIDATE_PRODUCT = YES;
			};
			name = Release;
		};
		EB6173B92D4456FD00824C77 /* Debug */ = {
			isa = XCBuildConfiguration;
			buildSettings = {
				ASSETCATALOG_COMPILER_APPICON_NAME = AppIcon;
				ASSETCATALOG_COMPILER_GLOBAL_ACCENT_COLOR_NAME = AccentColor;
				CODE_SIGN_STYLE = Automatic;
				CURRENT_PROJECT_VERSION = 1;
				DEVELOPMENT_TEAM = 8Y3ZVN9AH6;
				GENERATE_INFOPLIST_FILE = YES;
				INFOPLIST_FILE = BanquitoScan/Info.plist;
				INFOPLIST_KEY_CFBundleDisplayName = "Banquito Scan";
				INFOPLIST_KEY_LSApplicationCategoryType = "public.app-category.productivity";
				INFOPLIST_KEY_NSCameraUsageDescription = "Necesitamos acceso a la cámara para escanear datos bancarios.";
				INFOPLIST_KEY_NSPhotoLibraryAddUsageDescription = "Necesitamos permiso para guardar fotos en tu galería.";
				INFOPLIST_KEY_NSPhotoLibraryUsageDescription = "Necesitamos acceso a tu galería para seleccionar fotos";
				INFOPLIST_KEY_UIApplicationSupportsIndirectInputEvents = YES;
				INFOPLIST_KEY_UILaunchStoryboardName = LaunchScreen;
				INFOPLIST_KEY_UISupportedInterfaceOrientations = UIInterfaceOrientationPortrait;
				INFOPLIST_KEY_UISupportedInterfaceOrientations_iPad = "UIInterfaceOrientationLandscapeLeft UIInterfaceOrientationLandscapeRight UIInterfaceOrientationPortrait UIInterfaceOrientationPortraitUpsideDown";
				IPHONEOS_DEPLOYMENT_TARGET = 15.0;
				LD_RUNPATH_SEARCH_PATHS = (
					"$(inherited)",
					"@executable_path/Frameworks",
				);
				MARKETING_VERSION = 1.0;
				PRODUCT_BUNDLE_IDENTIFIER = dev.gasparn.BanquitoScan;
				PRODUCT_NAME = "$(TARGET_NAME)";
				SUPPORTED_PLATFORMS = "iphoneos iphonesimulator";
				SUPPORTS_MACCATALYST = NO;
				SUPPORTS_MAC_DESIGNED_FOR_IPHONE_IPAD = NO;
				SUPPORTS_XR_DESIGNED_FOR_IPHONE_IPAD = NO;
				SWIFT_EMIT_LOC_STRINGS = YES;
				SWIFT_VERSION = 5.0;
				TARGETED_DEVICE_FAMILY = "1,2";
			};
			name = Debug;
		};
		EB6173BA2D4456FD00824C77 /* Release */ = {
			isa = XCBuildConfiguration;
			buildSettings = {
				ASSETCATALOG_COMPILER_APPICON_NAME = AppIcon;
				ASSETCATALOG_COMPILER_GLOBAL_ACCENT_COLOR_NAME = AccentColor;
				CODE_SIGN_STYLE = Automatic;
				CURRENT_PROJECT_VERSION = 1;
				DEVELOPMENT_TEAM = 8Y3ZVN9AH6;
				GENERATE_INFOPLIST_FILE = YES;
				INFOPLIST_FILE = BanquitoScan/Info.plist;
				INFOPLIST_KEY_CFBundleDisplayName = "Banquito Scan";
				INFOPLIST_KEY_LSApplicationCategoryType = "public.app-category.productivity";
				INFOPLIST_KEY_NSCameraUsageDescription = "Necesitamos acceso a la cámara para escanear datos bancarios.";
				INFOPLIST_KEY_NSPhotoLibraryAddUsageDescription = "Necesitamos permiso para guardar fotos en tu galería.";
				INFOPLIST_KEY_NSPhotoLibraryUsageDescription = "Necesitamos acceso a tu galería para seleccionar fotos";
				INFOPLIST_KEY_UIApplicationSupportsIndirectInputEvents = YES;
				INFOPLIST_KEY_UILaunchStoryboardName = LaunchScreen;
				INFOPLIST_KEY_UISupportedInterfaceOrientations = UIInterfaceOrientationPortrait;
				INFOPLIST_KEY_UISupportedInterfaceOrientations_iPad = "UIInterfaceOrientationLandscapeLeft UIInterfaceOrientationLandscapeRight UIInterfaceOrientationPortrait UIInterfaceOrientationPortraitUpsideDown";
				IPHONEOS_DEPLOYMENT_TARGET = 15.0;
				LD_RUNPATH_SEARCH_PATHS = (
					"$(inherited)",
					"@executable_path/Frameworks",
				);
				MARKETING_VERSION = 1.0;
				PRODUCT_BUNDLE_IDENTIFIER = dev.gasparn.BanquitoScan;
				PRODUCT_NAME = "$(TARGET_NAME)";
				SUPPORTED_PLATFORMS = "iphoneos iphonesimulator";
				SUPPORTS_MACCATALYST = NO;
				SUPPORTS_MAC_DESIGNED_FOR_IPHONE_IPAD = NO;
				SUPPORTS_XR_DESIGNED_FOR_IPHONE_IPAD = NO;
				SWIFT_EMIT_LOC_STRINGS = YES;
				SWIFT_VERSION = 5.0;
				TARGETED_DEVICE_FAMILY = "1,2";
			};
			name = Release;
		};
/* End XCBuildConfiguration section */

/* Begin XCConfigurationList section */
		EB437B4D2D7C78E6003D0298 /* Build configuration list for PBXNativeTarget "BanquitoScanTests" */ = {
			isa = XCConfigurationList;
			buildConfigurations = (
				EB437B4E2D7C78E6003D0298 /* Debug */,
				EB437B4F2D7C78E6003D0298 /* Release */,
			);
			defaultConfigurationIsVisible = 0;
			defaultConfigurationName = Release;
		};
		EB61739F2D4456FC00824C77 /* Build configuration list for PBXProject "BanquitoScan" */ = {
			isa = XCConfigurationList;
			buildConfigurations = (
				EB6173B62D4456FD00824C77 /* Debug */,
				EB6173B72D4456FD00824C77 /* Release */,
			);
			defaultConfigurationIsVisible = 0;
			defaultConfigurationName = Release;
		};
		EB6173B82D4456FD00824C77 /* Build configuration list for PBXNativeTarget "BanquitoScan" */ = {
			isa = XCConfigurationList;
			buildConfigurations = (
				EB6173B92D4456FD00824C77 /* Debug */,
				EB6173BA2D4456FD00824C77 /* Release */,
			);
			defaultConfigurationIsVisible = 0;
			defaultConfigurationName = Release;
		};
/* End XCConfigurationList section */

/* Begin XCVersionGroup section */
		EB437B542D7C9D83003D0298 /* AccountsData.xcdatamodeld */ = {
			isa = XCVersionGroup;
			children = (
				EB437B552D7C9D83003D0298 /* AccountsData.xcdatamodel */,
			);
			currentVersion = EB437B552D7C9D83003D0298 /* AccountsData.xcdatamodel */;
			path = AccountsData.xcdatamodeld;
			sourceTree = "<group>";
			versionGroupType = wrapper.xcdatamodel;
		};
/* End XCVersionGroup section */
	};
	rootObject = EB61739C2D4456FC00824C77 /* Project object */;
}
